// !$*UTF8*$!
{
	archiveVersion = 1;
	classes = {
	};
	objectVersion = 56;
	objects = {

/* Begin PBXBuildFile section */
		892FD5592B231FF900DF2662 /* MainViewController+TableView.swift in Sources */ = {isa = PBXBuildFile; fileRef = 892FD5582B231FF900DF2662 /* MainViewController+TableView.swift */; };
		892FD55B2B26B34400DF2662 /* MainViewModel.swift in Sources */ = {isa = PBXBuildFile; fileRef = 892FD55A2B26B34400DF2662 /* MainViewModel.swift */; };
		89EA56052B22E12E009B15E6 /* AppDelegate.swift in Sources */ = {isa = PBXBuildFile; fileRef = 89EA56042B22E12E009B15E6 /* AppDelegate.swift */; };
		89EA560E2B22E12F009B15E6 /* Assets.xcassets in Resources */ = {isa = PBXBuildFile; fileRef = 89EA560D2B22E12F009B15E6 /* Assets.xcassets */; };
		89EA56112B22E12F009B15E6 /* LaunchScreen.storyboard in Resources */ = {isa = PBXBuildFile; fileRef = 89EA560F2B22E12F009B15E6 /* LaunchScreen.storyboard */; };
		89EA561C2B22E12F009B15E6 /* Movie_AppTests.swift in Sources */ = {isa = PBXBuildFile; fileRef = 89EA561B2B22E12F009B15E6 /* Movie_AppTests.swift */; };
		89EA56262B22E12F009B15E6 /* Movie_AppUITests.swift in Sources */ = {isa = PBXBuildFile; fileRef = 89EA56252B22E12F009B15E6 /* Movie_AppUITests.swift */; };
		89EA56282B22E12F009B15E6 /* Movie_AppUITestsLaunchTests.swift in Sources */ = {isa = PBXBuildFile; fileRef = 89EA56272B22E12F009B15E6 /* Movie_AppUITestsLaunchTests.swift */; };
		89EA56372B22E384009B15E6 /* MainViewController.swift in Sources */ = {isa = PBXBuildFile; fileRef = 89EA56352B22E384009B15E6 /* MainViewController.swift */; };
		89EA56382B22E384009B15E6 /* MainViewController.xib in Resources */ = {isa = PBXBuildFile; fileRef = 89EA56362B22E384009B15E6 /* MainViewController.xib */; };
/* End PBXBuildFile section */

/* Begin PBXContainerItemProxy section */
		89EA56182B22E12F009B15E6 /* PBXContainerItemProxy */ = {
			isa = PBXContainerItemProxy;
			containerPortal = 89EA55F92B22E12E009B15E6 /* Project object */;
			proxyType = 1;
			remoteGlobalIDString = 89EA56002B22E12E009B15E6;
			remoteInfo = "Movie App";
		};
		89EA56222B22E12F009B15E6 /* PBXContainerItemProxy */ = {
			isa = PBXContainerItemProxy;
			containerPortal = 89EA55F92B22E12E009B15E6 /* Project object */;
			proxyType = 1;
			remoteGlobalIDString = 89EA56002B22E12E009B15E6;
			remoteInfo = "Movie App";
		};
/* End PBXContainerItemProxy section */

/* Begin PBXFileReference section */
		892FD5582B231FF900DF2662 /* MainViewController+TableView.swift */ = {isa = PBXFileReference; lastKnownFileType = sourcecode.swift; path = "MainViewController+TableView.swift"; sourceTree = "<group>"; };
		892FD55A2B26B34400DF2662 /* MainViewModel.swift */ = {isa = PBXFileReference; lastKnownFileType = sourcecode.swift; path = MainViewModel.swift; sourceTree = "<group>"; };
		89EA56012B22E12E009B15E6 /* Movie App.app */ = {isa = PBXFileReference; explicitFileType = wrapper.application; includeInIndex = 0; path = "Movie App.app"; sourceTree = BUILT_PRODUCTS_DIR; };
		89EA56042B22E12E009B15E6 /* AppDelegate.swift */ = {isa = PBXFileReference; lastKnownFileType = sourcecode.swift; path = AppDelegate.swift; sourceTree = "<group>"; };
		89EA560D2B22E12F009B15E6 /* Assets.xcassets */ = {isa = PBXFileReference; lastKnownFileType = folder.assetcatalog; path = Assets.xcassets; sourceTree = "<group>"; };
		89EA56102B22E12F009B15E6 /* Base */ = {isa = PBXFileReference; lastKnownFileType = file.storyboard; name = Base; path = Base.lproj/LaunchScreen.storyboard; sourceTree = "<group>"; };
		89EA56122B22E12F009B15E6 /* Info.plist */ = {isa = PBXFileReference; lastKnownFileType = text.plist.xml; path = Info.plist; sourceTree = "<group>"; };
		89EA56172B22E12F009B15E6 /* Movie AppTests.xctest */ = {isa = PBXFileReference; explicitFileType = wrapper.cfbundle; includeInIndex = 0; path = "Movie AppTests.xctest"; sourceTree = BUILT_PRODUCTS_DIR; };
		89EA561B2B22E12F009B15E6 /* Movie_AppTests.swift */ = {isa = PBXFileReference; lastKnownFileType = sourcecode.swift; path = Movie_AppTests.swift; sourceTree = "<group>"; };
		89EA56212B22E12F009B15E6 /* Movie AppUITests.xctest */ = {isa = PBXFileReference; explicitFileType = wrapper.cfbundle; includeInIndex = 0; path = "Movie AppUITests.xctest"; sourceTree = BUILT_PRODUCTS_DIR; };
		89EA56252B22E12F009B15E6 /* Movie_AppUITests.swift */ = {isa = PBXFileReference; lastKnownFileType = sourcecode.swift; path = Movie_AppUITests.swift; sourceTree = "<group>"; };
		89EA56272B22E12F009B15E6 /* Movie_AppUITestsLaunchTests.swift */ = {isa = PBXFileReference; lastKnownFileType = sourcecode.swift; path = Movie_AppUITestsLaunchTests.swift; sourceTree = "<group>"; };
		89EA56352B22E384009B15E6 /* MainViewController.swift */ = {isa = PBXFileReference; lastKnownFileType = sourcecode.swift; path = MainViewController.swift; sourceTree = "<group>"; };
		89EA56362B22E384009B15E6 /* MainViewController.xib */ = {isa = PBXFileReference; lastKnownFileType = file.xib; path = MainViewController.xib; sourceTree = "<group>"; };
/* End PBXFileReference section */

/* Begin PBXFrameworksBuildPhase section */
		89EA55FE2B22E12E009B15E6 /* Frameworks */ = {
			isa = PBXFrameworksBuildPhase;
			buildActionMask = 2147483647;
			files = (
			);
			runOnlyForDeploymentPostprocessing = 0;
		};
		89EA56142B22E12F009B15E6 /* Frameworks */ = {
			isa = PBXFrameworksBuildPhase;
			buildActionMask = 2147483647;
			files = (
			);
			runOnlyForDeploymentPostprocessing = 0;
		};
		89EA561E2B22E12F009B15E6 /* Frameworks */ = {
			isa = PBXFrameworksBuildPhase;
			buildActionMask = 2147483647;
			files = (
			);
			runOnlyForDeploymentPostprocessing = 0;
		};
/* End PBXFrameworksBuildPhase section */

/* Begin PBXGroup section */
		89EA55F82B22E12E009B15E6 = {
			isa = PBXGroup;
			children = (
				89EA56032B22E12E009B15E6 /* Movie App */,
				89EA561A2B22E12F009B15E6 /* Movie AppTests */,
				89EA56242B22E12F009B15E6 /* Movie AppUITests */,
				89EA56022B22E12E009B15E6 /* Products */,
			);
			sourceTree = "<group>";
		};
		89EA56022B22E12E009B15E6 /* Products */ = {
			isa = PBXGroup;
			children = (
				89EA56012B22E12E009B15E6 /* Movie App.app */,
				89EA56172B22E12F009B15E6 /* Movie AppTests.xctest */,
				89EA56212B22E12F009B15E6 /* Movie AppUITests.xctest */,
			);
			name = Products;
			sourceTree = "<group>";
		};
		89EA56032B22E12E009B15E6 /* Movie App */ = {
			isa = PBXGroup;
			children = (
				89EA56402B22E9EA009B15E6 /* Networking */,
				89EA563F2B22E9C3009B15E6 /* Extensions */,
				89EA563E2B22E9A0009B15E6 /* Resources */,
				89EA563D2B22E97E009B15E6 /* Classes */,
				89EA563C2B22E965009B15E6 /* Model */,
				89EA563B2B22E94F009B15E6 /* Controllers */,
				89EA563A2B22E92D009B15E6 /* ViewModel */,
				89EA56392B22E913009B15E6 /* View */,
				89EA56042B22E12E009B15E6 /* AppDelegate.swift */,
				89EA56122B22E12F009B15E6 /* Info.plist */,
			);
			path = "Movie App";
			sourceTree = "<group>";
		};
		89EA561A2B22E12F009B15E6 /* Movie AppTests */ = {
			isa = PBXGroup;
			children = (
				89EA561B2B22E12F009B15E6 /* Movie_AppTests.swift */,
			);
			path = "Movie AppTests";
			sourceTree = "<group>";
		};
		89EA56242B22E12F009B15E6 /* Movie AppUITests */ = {
			isa = PBXGroup;
			children = (
				89EA56252B22E12F009B15E6 /* Movie_AppUITests.swift */,
				89EA56272B22E12F009B15E6 /* Movie_AppUITestsLaunchTests.swift */,
			);
			path = "Movie AppUITests";
			sourceTree = "<group>";
		};
		89EA56342B22E33D009B15E6 /* MainViewController */ = {
			isa = PBXGroup;
			children = (
				89EA56352B22E384009B15E6 /* MainViewController.swift */,
				89EA56362B22E384009B15E6 /* MainViewController.xib */,
				892FD5582B231FF900DF2662 /* MainViewController+TableView.swift */,
			);
			path = MainViewController;
			sourceTree = "<group>";
		};
		89EA56392B22E913009B15E6 /* View */ = {
			isa = PBXGroup;
			children = (
				89EA560F2B22E12F009B15E6 /* LaunchScreen.storyboard */,
			);
			path = View;
			sourceTree = "<group>";
		};
		89EA563A2B22E92D009B15E6 /* ViewModel */ = {
			isa = PBXGroup;
			children = (
				892FD55A2B26B34400DF2662 /* MainViewModel.swift */,
			);
			path = ViewModel;
			sourceTree = "<group>";
		};
		89EA563B2B22E94F009B15E6 /* Controllers */ = {
			isa = PBXGroup;
			children = (
				89EA56342B22E33D009B15E6 /* MainViewController */,
			);
			path = Controllers;
			sourceTree = "<group>";
		};
		89EA563C2B22E965009B15E6 /* Model */ = {
			isa = PBXGroup;
			children = (
			);
			path = Model;
			sourceTree = "<group>";
		};
		89EA563D2B22E97E009B15E6 /* Classes */ = {
			isa = PBXGroup;
			children = (
			);
			path = Classes;
			sourceTree = "<group>";
		};
		89EA563E2B22E9A0009B15E6 /* Resources */ = {
			isa = PBXGroup;
			children = (
				89EA560D2B22E12F009B15E6 /* Assets.xcassets */,
			);
			path = Resources;
			sourceTree = "<group>";
		};
		89EA563F2B22E9C3009B15E6 /* Extensions */ = {
			isa = PBXGroup;
			children = (
			);
			path = Extensions;
			sourceTree = "<group>";
		};
		89EA56402B22E9EA009B15E6 /* Networking */ = {
			isa = PBXGroup;
			children = (
			);
			path = Networking;
			sourceTree = "<group>";
		};
/* End PBXGroup section */

/* Begin PBXNativeTarget section */
		89EA56002B22E12E009B15E6 /* Movie App */ = {
			isa = PBXNativeTarget;
			buildConfigurationList = 89EA562B2B22E12F009B15E6 /* Build configuration list for PBXNativeTarget "Movie App" */;
			buildPhases = (
				89EA55FD2B22E12E009B15E6 /* Sources */,
				89EA55FE2B22E12E009B15E6 /* Frameworks */,
				89EA55FF2B22E12E009B15E6 /* Resources */,
			);
			buildRules = (
			);
			dependencies = (
			);
			name = "Movie App";
			productName = "Movie App";
			productReference = 89EA56012B22E12E009B15E6 /* Movie App.app */;
			productType = "com.apple.product-type.application";
		};
		89EA56162B22E12F009B15E6 /* Movie AppTests */ = {
			isa = PBXNativeTarget;
			buildConfigurationList = 89EA562E2B22E12F009B15E6 /* Build configuration list for PBXNativeTarget "Movie AppTests" */;
			buildPhases = (
				89EA56132B22E12F009B15E6 /* Sources */,
				89EA56142B22E12F009B15E6 /* Frameworks */,
				89EA56152B22E12F009B15E6 /* Resources */,
			);
			buildRules = (
			);
			dependencies = (
				89EA56192B22E12F009B15E6 /* PBXTargetDependency */,
			);
			name = "Movie AppTests";
			productName = "Movie AppTests";
			productReference = 89EA56172B22E12F009B15E6 /* Movie AppTests.xctest */;
			productType = "com.apple.product-type.bundle.unit-test";
		};
		89EA56202B22E12F009B15E6 /* Movie AppUITests */ = {
			isa = PBXNativeTarget;
			buildConfigurationList = 89EA56312B22E12F009B15E6 /* Build configuration list for PBXNativeTarget "Movie AppUITests" */;
			buildPhases = (
				89EA561D2B22E12F009B15E6 /* Sources */,
				89EA561E2B22E12F009B15E6 /* Frameworks */,
				89EA561F2B22E12F009B15E6 /* Resources */,
			);
			buildRules = (
			);
			dependencies = (
				89EA56232B22E12F009B15E6 /* PBXTargetDependency */,
			);
			name = "Movie AppUITests";
			productName = "Movie AppUITests";
			productReference = 89EA56212B22E12F009B15E6 /* Movie AppUITests.xctest */;
			productType = "com.apple.product-type.bundle.ui-testing";
		};
/* End PBXNativeTarget section */

/* Begin PBXProject section */
		89EA55F92B22E12E009B15E6 /* Project object */ = {
			isa = PBXProject;
			attributes = {
				BuildIndependentTargetsInParallel = 1;
				LastSwiftUpdateCheck = 1500;
				LastUpgradeCheck = 1500;
				TargetAttributes = {
					89EA56002B22E12E009B15E6 = {
						CreatedOnToolsVersion = 15.0.1;
					};
					89EA56162B22E12F009B15E6 = {
						CreatedOnToolsVersion = 15.0.1;
						TestTargetID = 89EA56002B22E12E009B15E6;
					};
					89EA56202B22E12F009B15E6 = {
						CreatedOnToolsVersion = 15.0.1;
						TestTargetID = 89EA56002B22E12E009B15E6;
					};
				};
			};
			buildConfigurationList = 89EA55FC2B22E12E009B15E6 /* Build configuration list for PBXProject "Movie App" */;
			compatibilityVersion = "Xcode 14.0";
			developmentRegion = en;
			hasScannedForEncodings = 0;
			knownRegions = (
				en,
				Base,
			);
			mainGroup = 89EA55F82B22E12E009B15E6;
			productRefGroup = 89EA56022B22E12E009B15E6 /* Products */;
			projectDirPath = "";
			projectRoot = "";
			targets = (
				89EA56002B22E12E009B15E6 /* Movie App */,
				89EA56162B22E12F009B15E6 /* Movie AppTests */,
				89EA56202B22E12F009B15E6 /* Movie AppUITests */,
			);
		};
/* End PBXProject section */

/* Begin PBXResourcesBuildPhase section */
		89EA55FF2B22E12E009B15E6 /* Resources */ = {
			isa = PBXResourcesBuildPhase;
			buildActionMask = 2147483647;
			files = (
				89EA56112B22E12F009B15E6 /* LaunchScreen.storyboard in Resources */,
				89EA56382B22E384009B15E6 /* MainViewController.xib in Resources */,
				89EA560E2B22E12F009B15E6 /* Assets.xcassets in Resources */,
			);
			runOnlyForDeploymentPostprocessing = 0;
		};
		89EA56152B22E12F009B15E6 /* Resources */ = {
			isa = PBXResourcesBuildPhase;
			buildActionMask = 2147483647;
			files = (
			);
			runOnlyForDeploymentPostprocessing = 0;
		};
		89EA561F2B22E12F009B15E6 /* Resources */ = {
			isa = PBXResourcesBuildPhase;
			buildActionMask = 2147483647;
			files = (
			);
			runOnlyForDeploymentPostprocessing = 0;
		};
/* End PBXResourcesBuildPhase section */

/* Begin PBXSourcesBuildPhase section */
		89EA55FD2B22E12E009B15E6 /* Sources */ = {
			isa = PBXSourcesBuildPhase;
			buildActionMask = 2147483647;
			files = (
				89EA56052B22E12E009B15E6 /* AppDelegate.swift in Sources */,
				892FD5592B231FF900DF2662 /* MainViewController+TableView.swift in Sources */,
				89EA56372B22E384009B15E6 /* MainViewController.swift in Sources */,
				892FD55B2B26B34400DF2662 /* MainViewModel.swift in Sources */,
			);
			runOnlyForDeploymentPostprocessing = 0;
		};
		89EA56132B22E12F009B15E6 /* Sources */ = {
			isa = PBXSourcesBuildPhase;
			buildActionMask = 2147483647;
			files = (
				89EA561C2B22E12F009B15E6 /* Movie_AppTests.swift in Sources */,
			);
			runOnlyForDeploymentPostprocessing = 0;
		};
		89EA561D2B22E12F009B15E6 /* Sources */ = {
			isa = PBXSourcesBuildPhase;
			buildActionMask = 2147483647;
			files = (
				89EA56262B22E12F009B15E6 /* Movie_AppUITests.swift in Sources */,
				89EA56282B22E12F009B15E6 /* Movie_AppUITestsLaunchTests.swift in Sources */,
			);
			runOnlyForDeploymentPostprocessing = 0;
		};
/* End PBXSourcesBuildPhase section */

/* Begin PBXTargetDependency section */
		89EA56192B22E12F009B15E6 /* PBXTargetDependency */ = {
			isa = PBXTargetDependency;
			target = 89EA56002B22E12E009B15E6 /* Movie App */;
			targetProxy = 89EA56182B22E12F009B15E6 /* PBXContainerItemProxy */;
		};
		89EA56232B22E12F009B15E6 /* PBXTargetDependency */ = {
			isa = PBXTargetDependency;
			target = 89EA56002B22E12E009B15E6 /* Movie App */;
			targetProxy = 89EA56222B22E12F009B15E6 /* PBXContainerItemProxy */;
		};
/* End PBXTargetDependency section */

/* Begin PBXVariantGroup section */
		89EA560F2B22E12F009B15E6 /* LaunchScreen.storyboard */ = {
			isa = PBXVariantGroup;
			children = (
				89EA56102B22E12F009B15E6 /* Base */,
			);
			name = LaunchScreen.storyboard;
			sourceTree = "<group>";
		};
/* End PBXVariantGroup section */

/* Begin XCBuildConfiguration section */
		89EA56292B22E12F009B15E6 /* Debug */ = {
			isa = XCBuildConfiguration;
			buildSettings = {
				ALWAYS_SEARCH_USER_PATHS = NO;
				ASSETCATALOG_COMPILER_GENERATE_SWIFT_ASSET_SYMBOL_EXTENSIONS = YES;
				CLANG_ANALYZER_NONNULL = YES;
				CLANG_ANALYZER_NUMBER_OBJECT_CONVERSION = YES_AGGRESSIVE;
				CLANG_CXX_LANGUAGE_STANDARD = "gnu++20";
				CLANG_ENABLE_MODULES = YES;
				CLANG_ENABLE_OBJC_ARC = YES;
				CLANG_ENABLE_OBJC_WEAK = YES;
				CLANG_WARN_BLOCK_CAPTURE_AUTORELEASING = YES;
				CLANG_WARN_BOOL_CONVERSION = YES;
				CLANG_WARN_COMMA = YES;
				CLANG_WARN_CONSTANT_CONVERSION = YES;
				CLANG_WARN_DEPRECATED_OBJC_IMPLEMENTATIONS = YES;
				CLANG_WARN_DIRECT_OBJC_ISA_USAGE = YES_ERROR;
				CLANG_WARN_DOCUMENTATION_COMMENTS = YES;
				CLANG_WARN_EMPTY_BODY = YES;
				CLANG_WARN_ENUM_CONVERSION = YES;
				CLANG_WARN_INFINITE_RECURSION = YES;
				CLANG_WARN_INT_CONVERSION = YES;
				CLANG_WARN_NON_LITERAL_NULL_CONVERSION = YES;
				CLANG_WARN_OBJC_IMPLICIT_RETAIN_SELF = YES;
				CLANG_WARN_OBJC_LITERAL_CONVERSION = YES;
				CLANG_WARN_OBJC_ROOT_CLASS = YES_ERROR;
				CLANG_WARN_QUOTED_INCLUDE_IN_FRAMEWORK_HEADER = YES;
				CLANG_WARN_RANGE_LOOP_ANALYSIS = YES;
				CLANG_WARN_STRICT_PROTOTYPES = YES;
				CLANG_WARN_SUSPICIOUS_MOVE = YES;
				CLANG_WARN_UNGUARDED_AVAILABILITY = YES_AGGRESSIVE;
				CLANG_WARN_UNREACHABLE_CODE = YES;
				CLANG_WARN__DUPLICATE_METHOD_MATCH = YES;
				COPY_PHASE_STRIP = NO;
				DEBUG_INFORMATION_FORMAT = dwarf;
				ENABLE_STRICT_OBJC_MSGSEND = YES;
				ENABLE_TESTABILITY = YES;
				ENABLE_USER_SCRIPT_SANDBOXING = YES;
				GCC_C_LANGUAGE_STANDARD = gnu17;
				GCC_DYNAMIC_NO_PIC = NO;
				GCC_NO_COMMON_BLOCKS = YES;
				GCC_OPTIMIZATION_LEVEL = 0;
				GCC_PREPROCESSOR_DEFINITIONS = (
					"DEBUG=1",
					"$(inherited)",
				);
				GCC_WARN_64_TO_32_BIT_CONVERSION = YES;
				GCC_WARN_ABOUT_RETURN_TYPE = YES_ERROR;
				GCC_WARN_UNDECLARED_SELECTOR = YES;
				GCC_WARN_UNINITIALIZED_AUTOS = YES_AGGRESSIVE;
				GCC_WARN_UNUSED_FUNCTION = YES;
				GCC_WARN_UNUSED_VARIABLE = YES;
				IPHONEOS_DEPLOYMENT_TARGET = 17.0;
				LOCALIZATION_PREFERS_STRING_CATALOGS = YES;
				MTL_ENABLE_DEBUG_INFO = INCLUDE_SOURCE;
				MTL_FAST_MATH = YES;
				ONLY_ACTIVE_ARCH = YES;
				SDKROOT = iphoneos;
				SWIFT_ACTIVE_COMPILATION_CONDITIONS = "DEBUG $(inherited)";
				SWIFT_OPTIMIZATION_LEVEL = "-Onone";
			};
			name = Debug;
		};
		89EA562A2B22E12F009B15E6 /* Release */ = {
			isa = XCBuildConfiguration;
			buildSettings = {
				ALWAYS_SEARCH_USER_PATHS = NO;
				ASSETCATALOG_COMPILER_GENERATE_SWIFT_ASSET_SYMBOL_EXTENSIONS = YES;
				CLANG_ANALYZER_NONNULL = YES;
				CLANG_ANALYZER_NUMBER_OBJECT_CONVERSION = YES_AGGRESSIVE;
				CLANG_CXX_LANGUAGE_STANDARD = "gnu++20";
				CLANG_ENABLE_MODULES = YES;
				CLANG_ENABLE_OBJC_ARC = YES;
				CLANG_ENABLE_OBJC_WEAK = YES;
				CLANG_WARN_BLOCK_CAPTURE_AUTORELEASING = YES;
				CLANG_WARN_BOOL_CONVERSION = YES;
				CLANG_WARN_COMMA = YES;
				CLANG_WARN_CONSTANT_CONVERSION = YES;
				CLANG_WARN_DEPRECATED_OBJC_IMPLEMENTATIONS = YES;
				CLANG_WARN_DIRECT_OBJC_ISA_USAGE = YES_ERROR;
				CLANG_WARN_DOCUMENTATION_COMMENTS = YES;
				CLANG_WARN_EMPTY_BODY = YES;
				CLANG_WARN_ENUM_CONVERSION = YES;
				CLANG_WARN_INFINITE_RECURSION = YES;
				CLANG_WARN_INT_CONVERSION = YES;
				CLANG_WARN_NON_LITERAL_NULL_CONVERSION = YES;
				CLANG_WARN_OBJC_IMPLICIT_RETAIN_SELF = YES;
				CLANG_WARN_OBJC_LITERAL_CONVERSION = YES;
				CLANG_WARN_OBJC_ROOT_CLASS = YES_ERROR;
				CLANG_WARN_QUOTED_INCLUDE_IN_FRAMEWORK_HEADER = YES;
				CLANG_WARN_RANGE_LOOP_ANALYSIS = YES;
				CLANG_WARN_STRICT_PROTOTYPES = YES;
				CLANG_WARN_SUSPICIOUS_MOVE = YES;
				CLANG_WARN_UNGUARDED_AVAILABILITY = YES_AGGRESSIVE;
				CLANG_WARN_UNREACHABLE_CODE = YES;
				CLANG_WARN__DUPLICATE_METHOD_MATCH = YES;
				COPY_PHASE_STRIP = NO;
				DEBUG_INFORMATION_FORMAT = "dwarf-with-dsym";
				ENABLE_NS_ASSERTIONS = NO;
				ENABLE_STRICT_OBJC_MSGSEND = YES;
				ENABLE_USER_SCRIPT_SANDBOXING = YES;
				GCC_C_LANGUAGE_STANDARD = gnu17;
				GCC_NO_COMMON_BLOCKS = YES;
				GCC_WARN_64_TO_32_BIT_CONVERSION = YES;
				GCC_WARN_ABOUT_RETURN_TYPE = YES_ERROR;
				GCC_WARN_UNDECLARED_SELECTOR = YES;
				GCC_WARN_UNINITIALIZED_AUTOS = YES_AGGRESSIVE;
				GCC_WARN_UNUSED_FUNCTION = YES;
				GCC_WARN_UNUSED_VARIABLE = YES;
				IPHONEOS_DEPLOYMENT_TARGET = 17.0;
				LOCALIZATION_PREFERS_STRING_CATALOGS = YES;
				MTL_ENABLE_DEBUG_INFO = NO;
				MTL_FAST_MATH = YES;
				SDKROOT = iphoneos;
				SWIFT_COMPILATION_MODE = wholemodule;
				VALIDATE_PRODUCT = YES;
			};
			name = Release;
		};
		89EA562C2B22E12F009B15E6 /* Debug */ = {
			isa = XCBuildConfiguration;
			buildSettings = {
				ASSETCATALOG_COMPILER_APPICON_NAME = AppIcon;
				ASSETCATALOG_COMPILER_GLOBAL_ACCENT_COLOR_NAME = AccentColor;
				CODE_SIGN_STYLE = Automatic;
				CURRENT_PROJECT_VERSION = 1;
				DEVELOPMENT_TEAM = 82QSR5XW69;
				GENERATE_INFOPLIST_FILE = YES;
				INFOPLIST_FILE = "Movie App/Info.plist";
				INFOPLIST_KEY_UIApplicationSupportsIndirectInputEvents = YES;
				INFOPLIST_KEY_UILaunchStoryboardName = LaunchScreen;
				INFOPLIST_KEY_UIMainStoryboardFile = "";
				INFOPLIST_KEY_UISupportedInterfaceOrientations_iPad = "UIInterfaceOrientationPortrait UIInterfaceOrientationPortraitUpsideDown UIInterfaceOrientationLandscapeLeft UIInterfaceOrientationLandscapeRight";
				INFOPLIST_KEY_UISupportedInterfaceOrientations_iPhone = "UIInterfaceOrientationPortrait UIInterfaceOrientationLandscapeLeft UIInterfaceOrientationLandscapeRight";
				LD_RUNPATH_SEARCH_PATHS = (
					"$(inherited)",
					"@executable_path/Frameworks",
				);
				MARKETING_VERSION = 1.0;
				PRODUCT_BUNDLE_IDENTIFIER = "com.simplesolution.Movie-App";
				PRODUCT_NAME = "$(TARGET_NAME)";
				SWIFT_EMIT_LOC_STRINGS = YES;
				SWIFT_VERSION = 5.0;
				TARGETED_DEVICE_FAMILY = "1,2";
			};
			name = Debug;
		};
		89EA562D2B22E12F009B15E6 /* Release */ = {
			isa = XCBuildConfiguration;
			buildSettings = {
				ASSETCATALOG_COMPILER_APPICON_NAME = AppIcon;
				ASSETCATALOG_COMPILER_GLOBAL_ACCENT_COLOR_NAME = AccentColor;
				CODE_SIGN_STYLE = Automatic;
				CURRENT_PROJECT_VERSION = 1;
				DEVELOPMENT_TEAM = 82QSR5XW69;
				GENERATE_INFOPLIST_FILE = YES;
				INFOPLIST_FILE = "Movie App/Info.plist";
				INFOPLIST_KEY_UIApplicationSupportsIndirectInputEvents = YES;
				INFOPLIST_KEY_UILaunchStoryboardName = LaunchScreen;
				INFOPLIST_KEY_UIMainStoryboardFile = "";
				INFOPLIST_KEY_UISupportedInterfaceOrientations_iPad = "UIInterfaceOrientationPortrait UIInterfaceOrientationPortraitUpsideDown UIInterfaceOrientationLandscapeLeft UIInterfaceOrientationLandscapeRight";
				INFOPLIST_KEY_UISupportedInterfaceOrientations_iPhone = "UIInterfaceOrientationPortrait UIInterfaceOrientationLandscapeLeft UIInterfaceOrientationLandscapeRight";
				LD_RUNPATH_SEARCH_PATHS = (
					"$(inherited)",
					"@executable_path/Frameworks",
				);
				MARKETING_VERSION = 1.0;
				PRODUCT_BUNDLE_IDENTIFIER = "com.simplesolution.Movie-App";
				PRODUCT_NAME = "$(TARGET_NAME)";
				SWIFT_EMIT_LOC_STRINGS = YES;
				SWIFT_VERSION = 5.0;
				TARGETED_DEVICE_FAMILY = "1,2";
			};
			name = Release;
		};
		89EA562F2B22E12F009B15E6 /* Debug */ = {
			isa = XCBuildConfiguration;
			buildSettings = {
				ALWAYS_EMBED_SWIFT_STANDARD_LIBRARIES = YES;
				BUNDLE_LOADER = "$(TEST_HOST)";
				CODE_SIGN_STYLE = Automatic;
				CURRENT_PROJECT_VERSION = 1;
				DEVELOPMENT_TEAM = 82QSR5XW69;
				GENERATE_INFOPLIST_FILE = YES;
				IPHONEOS_DEPLOYMENT_TARGET = 17.0;
				MARKETING_VERSION = 1.0;
				PRODUCT_BUNDLE_IDENTIFIER = "com.simplesolution.Movie-AppTests";
				PRODUCT_NAME = "$(TARGET_NAME)";
				SWIFT_EMIT_LOC_STRINGS = NO;
				SWIFT_VERSION = 5.0;
				TARGETED_DEVICE_FAMILY = "1,2";
				TEST_HOST = "$(BUILT_PRODUCTS_DIR)/Movie App.app/$(BUNDLE_EXECUTABLE_FOLDER_PATH)/Movie App";
			};
			name = Debug;
		};
		89EA56302B22E12F009B15E6 /* Release */ = {
			isa = XCBuildConfiguration;
			buildSettings = {
				ALWAYS_EMBED_SWIFT_STANDARD_LIBRARIES = YES;
				BUNDLE_LOADER = "$(TEST_HOST)";
				CODE_SIGN_STYLE = Automatic;
				CURRENT_PROJECT_VERSION = 1;
				DEVELOPMENT_TEAM = 82QSR5XW69;
				GENERATE_INFOPLIST_FILE = YES;
				IPHONEOS_DEPLOYMENT_TARGET = 17.0;
				MARKETING_VERSION = 1.0;
				PRODUCT_BUNDLE_IDENTIFIER = "com.simplesolution.Movie-AppTests";
				PRODUCT_NAME = "$(TARGET_NAME)";
				SWIFT_EMIT_LOC_STRINGS = NO;
				SWIFT_VERSION = 5.0;
				TARGETED_DEVICE_FAMILY = "1,2";
				TEST_HOST = "$(BUILT_PRODUCTS_DIR)/Movie App.app/$(BUNDLE_EXECUTABLE_FOLDER_PATH)/Movie App";
			};
			name = Release;
		};
		89EA56322B22E12F009B15E6 /* Debug */ = {
			isa = XCBuildConfiguration;
			buildSettings = {
				ALWAYS_EMBED_SWIFT_STANDARD_LIBRARIES = YES;
				CODE_SIGN_STYLE = Automatic;
				CURRENT_PROJECT_VERSION = 1;
				DEVELOPMENT_TEAM = 82QSR5XW69;
				GENERATE_INFOPLIST_FILE = YES;
				MARKETING_VERSION = 1.0;
				PRODUCT_BUNDLE_IDENTIFIER = "com.simplesolution.Movie-AppUITests";
				PRODUCT_NAME = "$(TARGET_NAME)";
				SWIFT_EMIT_LOC_STRINGS = NO;
				SWIFT_VERSION = 5.0;
				TARGETED_DEVICE_FAMILY = "1,2";
				TEST_TARGET_NAME = "Movie App";
			};
			name = Debug;
		};
		89EA56332B22E12F009B15E6 /* Release */ = {
			isa = XCBuildConfiguration;
			buildSettings = {
				ALWAYS_EMBED_SWIFT_STANDARD_LIBRARIES = YES;
				CODE_SIGN_STYLE = Automatic;
				CURRENT_PROJECT_VERSION = 1;
				DEVELOPMENT_TEAM = 82QSR5XW69;
				GENERATE_INFOPLIST_FILE = YES;
				MARKETING_VERSION = 1.0;
				PRODUCT_BUNDLE_IDENTIFIER = "com.simplesolution.Movie-AppUITests";
				PRODUCT_NAME = "$(TARGET_NAME)";
				SWIFT_EMIT_LOC_STRINGS = NO;
				SWIFT_VERSION = 5.0;
				TARGETED_DEVICE_FAMILY = "1,2";
				TEST_TARGET_NAME = "Movie App";
			};
			name = Release;
		};
/* End XCBuildConfiguration section */

/* Begin XCConfigurationList section */
		89EA55FC2B22E12E009B15E6 /* Build configuration list for PBXProject "Movie App" */ = {
			isa = XCConfigurationList;
			buildConfigurations = (
				89EA56292B22E12F009B15E6 /* Debug */,
				89EA562A2B22E12F009B15E6 /* Release */,
			);
			defaultConfigurationIsVisible = 0;
			defaultConfigurationName = Release;
		};
		89EA562B2B22E12F009B15E6 /* Build configuration list for PBXNativeTarget "Movie App" */ = {
			isa = XCConfigurationList;
			buildConfigurations = (
				89EA562C2B22E12F009B15E6 /* Debug */,
				89EA562D2B22E12F009B15E6 /* Release */,
			);
			defaultConfigurationIsVisible = 0;
			defaultConfigurationName = Release;
		};
		89EA562E2B22E12F009B15E6 /* Build configuration list for PBXNativeTarget "Movie AppTests" */ = {
			isa = XCConfigurationList;
			buildConfigurations = (
				89EA562F2B22E12F009B15E6 /* Debug */,
				89EA56302B22E12F009B15E6 /* Release */,
			);
			defaultConfigurationIsVisible = 0;
			defaultConfigurationName = Release;
		};
		89EA56312B22E12F009B15E6 /* Build configuration list for PBXNativeTarget "Movie AppUITests" */ = {
			isa = XCConfigurationList;
			buildConfigurations = (
				89EA56322B22E12F009B15E6 /* Debug */,
				89EA56332B22E12F009B15E6 /* Release */,
			);
			defaultConfigurationIsVisible = 0;
			defaultConfigurationName = Release;
		};
/* End XCConfigurationList section */
	};
	rootObject = 89EA55F92B22E12E009B15E6 /* Project object */;
}
